
Microsoft Visual Studio Solution File, Format Version 12.00
# Visual Studio 14
VisualStudioVersion = 14.0.25420.1
MinimumVisualStudioVersion = 10.0.40219.1
Project("{FAE04EC0-301F-11D3-BF4B-00C04F79EFBC}") = "EvaluationsCompetences", "EvaluationsCompetences\EvaluationsCompetences.csproj", "{1382FD51-8F17-4C6A-8E18-771A05B5A261}"
EndProject
Project("{FAE04EC0-301F-11D3-BF4B-00C04F79EFBC}") = "DTO", "DTO\DTO.csproj", "{00E809D7-24CE-4B4D-AC79-90E93A40699C}"
EndProject
Project("{FAE04EC0-301F-11D3-BF4B-00C04F79EFBC}") = "BLL", "BLL\BLL.csproj", "{C32A8D06-456E-4F09-9D29-B65AD84D54D6}"
EndProject
Project("{FAE04EC0-301F-11D3-BF4B-00C04F79EFBC}") = "DAL", "DAL\DAL.csproj", "{F626E04E-9AF4-4DFB-9645-211D1836003F}"
EndProject
Global
	GlobalSection(SolutionConfigurationPlatforms) = preSolution
		Debug|Any CPU = Debug|Any CPU
		Release|Any CPU = Release|Any CPU
	EndGlobalSection
	GlobalSection(ProjectConfigurationPlatforms) = postSolution
		{1382FD51-8F17-4C6A-8E18-771A05B5A261}.Debug|Any CPU.ActiveCfg = Debug|Any CPU
		{1382FD51-8F17-4C6A-8E18-771A05B5A261}.Debug|Any CPU.Build.0 = Debug|Any CPU
		{1382FD51-8F17-4C6A-8E18-771A05B5A261}.Release|Any CPU.ActiveCfg = Release|Any CPU
		{1382FD51-8F17-4C6A-8E18-771A05B5A261}.Release|Any CPU.Build.0 = Release|Any CPU
		{00E809D7-24CE-4B4D-AC79-90E93A40699C}.Debug|Any CPU.ActiveCfg = Debug|Any CPU
		{00E809D7-24CE-4B4D-AC79-90E93A40699C}.Debug|Any CPU.Build.0 = Debug|Any CPU
		{00E809D7-24CE-4B4D-AC79-90E93A40699C}.Release|Any CPU.ActiveCfg = Release|Any CPU
		{00E809D7-24CE-4B4D-AC79-90E93A40699C}.Release|Any CPU.Build.0 = Release|Any CPU
		{C32A8D06-456E-4F09-9D29-B65AD84D54D6}.Debug|Any CPU.ActiveCfg = Debug|Any CPU
		{C32A8D06-456E-4F09-9D29-B65AD84D54D6}.Debug|Any CPU.Build.0 = Debug|Any CPU
		{C32A8D06-456E-4F09-9D29-B65AD84D54D6}.Release|Any CPU.ActiveCfg = Release|Any CPU
		{C32A8D06-456E-4F09-9D29-B65AD84D54D6}.Release|Any CPU.Build.0 = Release|Any CPU
		{F626E04E-9AF4-4DFB-9645-211D1836003F}.Debug|Any CPU.ActiveCfg = Debug|Any CPU
		{F626E04E-9AF4-4DFB-9645-211D1836003F}.Debug|Any CPU.Build.0 = Debug|Any CPU
		{F626E04E-9AF4-4DFB-9645-211D1836003F}.Release|Any CPU.ActiveCfg = Release|Any CPU
		{F626E04E-9AF4-4DFB-9645-211D1836003F}.Release|Any CPU.Build.0 = Release|Any CPU
	EndGlobalSection
	GlobalSection(SolutionProperties) = preSolution
		HideSolutionNode = FALSE
	EndGlobalSection
EndGlobal
